
Microsoft Visual Studio Solution File, Format Version 12.00
# Visual Studio 2012
Project("{FAE04EC0-301F-11D3-BF4B-00C04F79EFBC}") = "tcsCalc", "tcsCalc\tcsCalc.csproj", "{20EBBDA3-0787-4262-A3D8-92585239E09C}"
EndProject
Global
	GlobalSection(SolutionConfigurationPlatforms) = preSolution
		Debug|Any CPU = Debug|Any CPU
		Release|Any CPU = Release|Any CPU
	EndGlobalSection
	GlobalSection(ProjectConfigurationPlatforms) = postSolution
		{20EBBDA3-0787-4262-A3D8-92585239E09C}.Debug|Any CPU.ActiveCfg = Debug|Any CPU
		{20EBBDA3-0787-4262-A3D8-92585239E09C}.Debug|Any CPU.Build.0 = Debug|Any CPU
		{20EBBDA3-0787-4262-A3D8-92585239E09C}.Release|Any CPU.ActiveCfg = Release|Any CPU
		{20EBBDA3-0787-4262-A3D8-92585239E09C}.Release|Any CPU.Build.0 = Release|Any CPU
	EndGlobalSection
	GlobalSection(SolutionProperties) = preSolution
		HideSolutionNode = FALSE
	EndGlobalSection
EndGlobal
